
Microsoft Visual Studio Solution File, Format Version 12.00
# Visual Studio Version 18
VisualStudioVersion = 18.6.11602.27 main
MinimumVisualStudioVersion = 10.0.40219.1
Project("{FAE04EC0-301F-11D3-BF4B-00C04F79EFBC}") = "WorkspaceFiles", "src\WorkspaceFiles.csproj", "{91446405-EABE-46D6-9EB9-505A14B74DE0}"
EndProject
Project("{FAE04EC0-301F-11D3-BF4B-00C04F79EFBC}") = "WorkspaceFiles.Test", "test\WorkspaceFiles.Test\WorkspaceFiles.Test.csproj", "{AF13406E-B49E-4163-9166-7890DA3481A9}"
EndProject
Global
	GlobalSection(SolutionConfigurationPlatforms) = preSolution
		Debug|Any CPU = Debug|Any CPU
		Debug|arm64 = Debug|arm64
		Debug|x64 = Debug|x64
		Debug|x86 = Debug|x86
		Release|Any CPU = Release|Any CPU
		Release|arm64 = Release|arm64
		Release|x64 = Release|x64
		Release|x86 = Release|x86
	EndGlobalSection
	GlobalSection(ProjectConfigurationPlatforms) = postSolution
		{91446405-EABE-46D6-9EB9-505A14B74DE0}.Debug|Any CPU.ActiveCfg = Debug|Any CPU
		{91446405-EABE-46D6-9EB9-505A14B74DE0}.Debug|Any CPU.Build.0 = Debug|Any CPU
		{91446405-EABE-46D6-9EB9-505A14B74DE0}.Debug|arm64.ActiveCfg = Debug|arm64
		{91446405-EABE-46D6-9EB9-505A14B74DE0}.Debug|arm64.Build.0 = Debug|arm64
		{91446405-EABE-46D6-9EB9-505A14B74DE0}.Debug|x64.ActiveCfg = Debug|Any CPU
		{91446405-EABE-46D6-9EB9-505A14B74DE0}.Debug|x64.Build.0 = Debug|Any CPU
		{91446405-EABE-46D6-9EB9-505A14B74DE0}.Debug|x86.ActiveCfg = Debug|x86
		{91446405-EABE-46D6-9EB9-505A14B74DE0}.Debug|x86.Build.0 = Debug|x86
		{91446405-EABE-46D6-9EB9-505A14B74DE0}.Release|Any CPU.ActiveCfg = Release|Any CPU
		{91446405-EABE-46D6-9EB9-505A14B74DE0}.Release|Any CPU.Build.0 = Release|Any CPU
		{91446405-EABE-46D6-9EB9-505A14B74DE0}.Release|arm64.ActiveCfg = Release|arm64
		{91446405-EABE-46D6-9EB9-505A14B74DE0}.Release|arm64.Build.0 = Release|arm64
		{91446405-EABE-46D6-9EB9-505A14B74DE0}.Release|x64.ActiveCfg = Release|Any CPU
		{91446405-EABE-46D6-9EB9-505A14B74DE0}.Release|x64.Build.0 = Release|Any CPU
		{91446405-EABE-46D6-9EB9-505A14B74DE0}.Release|x86.ActiveCfg = Release|x86
		{91446405-EABE-46D6-9EB9-505A14B74DE0}.Release|x86.Build.0 = Release|x86
		{AF13406E-B49E-4163-9166-7890DA3481A9}.Debug|Any CPU.ActiveCfg = Debug|Any CPU
		{AF13406E-B49E-4163-9166-7890DA3481A9}.Debug|Any CPU.Build.0 = Debug|Any CPU
		{AF13406E-B49E-4163-9166-7890DA3481A9}.Debug|arm64.ActiveCfg = Debug|Any CPU
		{AF13406E-B49E-4163-9166-7890DA3481A9}.Debug|arm64.Build.0 = Debug|Any CPU
		{AF13406E-B49E-4163-9166-7890DA3481A9}.Debug|x64.ActiveCfg = Debug|Any CPU
		{AF13406E-B49E-4163-9166-7890DA3481A9}.Debug|x64.Build.0 = Debug|Any CPU
		{AF13406E-B49E-4163-9166-7890DA3481A9}.Debug|x86.ActiveCfg = Debug|Any CPU
		{AF13406E-B49E-4163-9166-7890DA3481A9}.Debug|x86.Build.0 = Debug|Any CPU
		{AF13406E-B49E-4163-9166-7890DA3481A9}.Release|Any CPU.ActiveCfg = Release|Any CPU
		{AF13406E-B49E-4163-9166-7890DA3481A9}.Release|Any CPU.Build.0 = Release|Any CPU
		{AF13406E-B49E-4163-9166-7890DA3481A9}.Release|arm64.ActiveCfg = Release|Any CPU
		{AF13406E-B49E-4163-9166-7890DA3481A9}.Release|arm64.Build.0 = Release|Any CPU
		{AF13406E-B49E-4163-9166-7890DA3481A9}.Release|x64.ActiveCfg = Release|Any CPU
		{AF13406E-B49E-4163-9166-7890DA3481A9}.Release|x64.Build.0 = Release|Any CPU
		{AF13406E-B49E-4163-9166-7890DA3481A9}.Release|x86.ActiveCfg = Release|Any CPU
		{AF13406E-B49E-4163-9166-7890DA3481A9}.Release|x86.Build.0 = Release|Any CPU
	EndGlobalSection
	GlobalSection(SolutionProperties) = preSolution
		HideSolutionNode = FALSE
	EndGlobalSection
	GlobalSection(ExtensibilityGlobals) = postSolution
		SolutionGuid = {6FDAD619-AB07-4097-8C91-508C480D0C16}
	EndGlobalSection
EndGlobal
